
Microsoft Visual Studio Solution File, Format Version 12.00
# Visual Studio Version 16
VisualStudioVersion = 16.0.29728.190
MinimumVisualStudioVersion = 10.0.40219.1
Project("{FAE04EC0-301F-11D3-BF4B-00C04F79EFBC}") = "AbstractIceCreamShopView", "AbstractIceCreamShopView\AbstractIceCreamShopView.csproj", "{B07FD0DB-9D4F-4A5E-8EEC-788E9B2BF5BB}"
EndProject
Project("{9A19103F-16F7-4668-BE54-9A1E7A4F7556}") = "AbstractIceCreamShopBusinessLogic", "AbstractIceCreamShopBusinessLogic\AbstractIceCreamShopBusinessLogic.csproj", "{EF0C7B80-4DD5-47ED-99DA-BBA39A46459F}"
EndProject
Project("{9A19103F-16F7-4668-BE54-9A1E7A4F7556}") = "AbstractIceCreamShopListImplement", "AbstractIceCreamShopListImplement\AbstractIceCreamShopListImplement.csproj", "{012EDB41-AE92-4312-8382-63232C85D590}"
EndProject
Project("{9A19103F-16F7-4668-BE54-9A1E7A4F7556}") = "AbstractIceCreamShopFileImplement", "AbstractIceCreamShopFileImplement\AbstractIceCreamShopFileImplement.csproj", "{FB1BC21A-2D89-491F-BB5E-B1800041226D}"
EndProject
Project("{9A19103F-16F7-4668-BE54-9A1E7A4F7556}") = "AbstractIceCreamShopDatabaseImplement", "AbstractIceCreamShopDatabaseImplement\AbstractIceCreamShopDatabaseImplement.csproj", "{6C153734-34E2-4BF9-B9EA-C9694C70D4DF}"
EndProject
Project("{FAE04EC0-301F-11D3-BF4B-00C04F79EFBC}") = "AbstractIceCreamShopRestApi", "AbstractIceCreamShopRestApi\AbstractIceCreamShopRestApi.csproj", "{40A21118-C76B-41F4-BC74-84FF6915907F}"
EndProject
Project("{FAE04EC0-301F-11D3-BF4B-00C04F79EFBC}") = "AbstractIceCreamShopClientView", "AbstractIceCreamShopClientView\AbstractIceCreamShopClientView.csproj", "{C9C474CB-9054-4B12-A8F0-F890D4293184}"
EndProject
Global
	GlobalSection(SolutionConfigurationPlatforms) = preSolution
		Debug|Any CPU = Debug|Any CPU
		Release|Any CPU = Release|Any CPU
	EndGlobalSection
	GlobalSection(ProjectConfigurationPlatforms) = postSolution
		{B07FD0DB-9D4F-4A5E-8EEC-788E9B2BF5BB}.Debug|Any CPU.ActiveCfg = Debug|Any CPU
		{B07FD0DB-9D4F-4A5E-8EEC-788E9B2BF5BB}.Debug|Any CPU.Build.0 = Debug|Any CPU
		{B07FD0DB-9D4F-4A5E-8EEC-788E9B2BF5BB}.Release|Any CPU.ActiveCfg = Release|Any CPU
		{B07FD0DB-9D4F-4A5E-8EEC-788E9B2BF5BB}.Release|Any CPU.Build.0 = Release|Any CPU
		{EF0C7B80-4DD5-47ED-99DA-BBA39A46459F}.Debug|Any CPU.ActiveCfg = Debug|Any CPU
		{EF0C7B80-4DD5-47ED-99DA-BBA39A46459F}.Debug|Any CPU.Build.0 = Debug|Any CPU
		{EF0C7B80-4DD5-47ED-99DA-BBA39A46459F}.Release|Any CPU.ActiveCfg = Release|Any CPU
		{EF0C7B80-4DD5-47ED-99DA-BBA39A46459F}.Release|Any CPU.Build.0 = Release|Any CPU
		{012EDB41-AE92-4312-8382-63232C85D590}.Debug|Any CPU.ActiveCfg = Debug|Any CPU
		{012EDB41-AE92-4312-8382-63232C85D590}.Debug|Any CPU.Build.0 = Debug|Any CPU
		{012EDB41-AE92-4312-8382-63232C85D590}.Release|Any CPU.ActiveCfg = Release|Any CPU
		{012EDB41-AE92-4312-8382-63232C85D590}.Release|Any CPU.Build.0 = Release|Any CPU
		{FB1BC21A-2D89-491F-BB5E-B1800041226D}.Debug|Any CPU.ActiveCfg = Debug|Any CPU
		{FB1BC21A-2D89-491F-BB5E-B1800041226D}.Debug|Any CPU.Build.0 = Debug|Any CPU
		{FB1BC21A-2D89-491F-BB5E-B1800041226D}.Release|Any CPU.ActiveCfg = Release|Any CPU
		{FB1BC21A-2D89-491F-BB5E-B1800041226D}.Release|Any CPU.Build.0 = Release|Any CPU
		{6C153734-34E2-4BF9-B9EA-C9694C70D4DF}.Debug|Any CPU.ActiveCfg = Debug|Any CPU
		{6C153734-34E2-4BF9-B9EA-C9694C70D4DF}.Debug|Any CPU.Build.0 = Debug|Any CPU
		{6C153734-34E2-4BF9-B9EA-C9694C70D4DF}.Release|Any CPU.ActiveCfg = Release|Any CPU
		{6C153734-34E2-4BF9-B9EA-C9694C70D4DF}.Release|Any CPU.Build.0 = Release|Any CPU
		{40A21118-C76B-41F4-BC74-84FF6915907F}.Debug|Any CPU.ActiveCfg = Debug|Any CPU
		{40A21118-C76B-41F4-BC74-84FF6915907F}.Debug|Any CPU.Build.0 = Debug|Any CPU
		{40A21118-C76B-41F4-BC74-84FF6915907F}.Release|Any CPU.ActiveCfg = Release|Any CPU
		{40A21118-C76B-41F4-BC74-84FF6915907F}.Release|Any CPU.Build.0 = Release|Any CPU
		{C9C474CB-9054-4B12-A8F0-F890D4293184}.Debug|Any CPU.ActiveCfg = Debug|Any CPU
		{C9C474CB-9054-4B12-A8F0-F890D4293184}.Debug|Any CPU.Build.0 = Debug|Any CPU
		{C9C474CB-9054-4B12-A8F0-F890D4293184}.Release|Any CPU.ActiveCfg = Release|Any CPU
		{C9C474CB-9054-4B12-A8F0-F890D4293184}.Release|Any CPU.Build.0 = Release|Any CPU
	EndGlobalSection
	GlobalSection(SolutionProperties) = preSolution
		HideSolutionNode = FALSE
	EndGlobalSection
	GlobalSection(ExtensibilityGlobals) = postSolution
		SolutionGuid = {5F4686FC-0039-4B6D-A353-5FB785D2E0F2}
	EndGlobalSection
EndGlobal
