
Microsoft Visual Studio Solution File, Format Version 12.00
# Visual Studio Version 16
VisualStudioVersion = 16.0.29728.190
MinimumVisualStudioVersion = 10.0.40219.1
Project("{FAE04EC0-301F-11D3-BF4B-00C04F79EFBC}") = "AbstractIceCreamShopView", "AbstractIceCreamShopView\AbstractIceCreamShopView.csproj", "{B07FD0DB-9D4F-4A5E-8EEC-788E9B2BF5BB}"
EndProject
Project("{9A19103F-16F7-4668-BE54-9A1E7A4F7556}") = "AbstractIceCreamShopBusinessLogic", "AbstractIceCreamShopBusinessLogic\AbstractIceCreamShopBusinessLogic.csproj", "{EF0C7B80-4DD5-47ED-99DA-BBA39A46459F}"
EndProject
Project("{9A19103F-16F7-4668-BE54-9A1E7A4F7556}") = "AbstractIceCreamShopListImplement", "AbstractIceCreamShopListImplement\AbstractIceCreamShopListImplement.csproj", "{012EDB41-AE92-4312-8382-63232C85D590}"
EndProject
Global
	GlobalSection(SolutionConfigurationPlatforms) = preSolution
		Debug|Any CPU = Debug|Any CPU
		Release|Any CPU = Release|Any CPU
	EndGlobalSection
	GlobalSection(ProjectConfigurationPlatforms) = postSolution
		{B07FD0DB-9D4F-4A5E-8EEC-788E9B2BF5BB}.Debug|Any CPU.ActiveCfg = Debug|Any CPU
		{B07FD0DB-9D4F-4A5E-8EEC-788E9B2BF5BB}.Debug|Any CPU.Build.0 = Debug|Any CPU
		{B07FD0DB-9D4F-4A5E-8EEC-788E9B2BF5BB}.Release|Any CPU.ActiveCfg = Release|Any CPU
		{B07FD0DB-9D4F-4A5E-8EEC-788E9B2BF5BB}.Release|Any CPU.Build.0 = Release|Any CPU
		{EF0C7B80-4DD5-47ED-99DA-BBA39A46459F}.Debug|Any CPU.ActiveCfg = Debug|Any CPU
		{EF0C7B80-4DD5-47ED-99DA-BBA39A46459F}.Debug|Any CPU.Build.0 = Debug|Any CPU
		{EF0C7B80-4DD5-47ED-99DA-BBA39A46459F}.Release|Any CPU.ActiveCfg = Release|Any CPU
		{EF0C7B80-4DD5-47ED-99DA-BBA39A46459F}.Release|Any CPU.Build.0 = Release|Any CPU
		{012EDB41-AE92-4312-8382-63232C85D590}.Debug|Any CPU.ActiveCfg = Debug|Any CPU
		{012EDB41-AE92-4312-8382-63232C85D590}.Debug|Any CPU.Build.0 = Debug|Any CPU
		{012EDB41-AE92-4312-8382-63232C85D590}.Release|Any CPU.ActiveCfg = Release|Any CPU
		{012EDB41-AE92-4312-8382-63232C85D590}.Release|Any CPU.Build.0 = Release|Any CPU
	EndGlobalSection
	GlobalSection(SolutionProperties) = preSolution
		HideSolutionNode = FALSE
	EndGlobalSection
	GlobalSection(ExtensibilityGlobals) = postSolution
		SolutionGuid = {5F4686FC-0039-4B6D-A353-5FB785D2E0F2}
	EndGlobalSection
EndGlobal
